
Microsoft Visual Studio Solution File, Format Version 12.00
Project("{FAE04EC0-301F-11D3-BF4B-00C04F79EFBC}") = "DeviceManager", "DeviceManager\DeviceManager.csproj", "{42A599DB-F812-412B-B2C6-B8BCEE13E149}"
EndProject
Project("{FAE04EC0-301F-11D3-BF4B-00C04F79EFBC}") = "APBD_Web", "APBD_Web\APBD_Web.csproj", "{4500D37B-E6F3-40A5-8EF8-ED67621301DA}"
EndProject
Global
	GlobalSection(SolutionConfigurationPlatforms) = preSolution
		Debug|Any CPU = Debug|Any CPU
		Release|Any CPU = Release|Any CPU
	EndGlobalSection
	GlobalSection(ProjectConfigurationPlatforms) = postSolution
		{42A599DB-F812-412B-B2C6-B8BCEE13E149}.Debug|Any CPU.ActiveCfg = Debug|Any CPU
		{42A599DB-F812-412B-B2C6-B8BCEE13E149}.Debug|Any CPU.Build.0 = Debug|Any CPU
		{42A599DB-F812-412B-B2C6-B8BCEE13E149}.Release|Any CPU.ActiveCfg = Release|Any CPU
		{42A599DB-F812-412B-B2C6-B8BCEE13E149}.Release|Any CPU.Build.0 = Release|Any CPU
		{4500D37B-E6F3-40A5-8EF8-ED67621301DA}.Debug|Any CPU.ActiveCfg = Debug|Any CPU
		{4500D37B-E6F3-40A5-8EF8-ED67621301DA}.Debug|Any CPU.Build.0 = Debug|Any CPU
		{4500D37B-E6F3-40A5-8EF8-ED67621301DA}.Release|Any CPU.ActiveCfg = Release|Any CPU
		{4500D37B-E6F3-40A5-8EF8-ED67621301DA}.Release|Any CPU.Build.0 = Release|Any CPU
	EndGlobalSection
EndGlobal
